
Microsoft Visual Studio Solution File, Format Version 12.00
# Visual Studio 15
VisualStudioVersion = 15.0.26730.10
MinimumVisualStudioVersion = 10.0.40219.1
Project("{9A19103F-16F7-4668-BE54-9A1E7A4F7556}") = "PWF.API", "PWF.API\PWF.API.csproj", "{BBB92AD0-9C23-41DF-8095-BA5FBFA66148}"
EndProject
Project("{2150E333-8FDC-42A3-9474-1A3956D46DE8}") = "Core", "Core", "{0EB00BF6-A507-4C6C-81C1-3F22C349B537}"
EndProject
Project("{9A19103F-16F7-4668-BE54-9A1E7A4F7556}") = "PWF.Data", "PWF.Data\PWF.Data.csproj", "{0D23A9CB-BCAE-4790-94A8-6557B861F168}"
EndProject
Project("{9A19103F-16F7-4668-BE54-9A1E7A4F7556}") = "PWF.Model", "PWF.Model\PWF.Model.csproj", "{208E63C7-6A3A-4B1F-9573-D8EC54B0A519}"
EndProject
Project("{FAE04EC0-301F-11D3-BF4B-00C04F79EFBC}") = "PWF.Resource", "PWF.Resource\PWF.Resource.csproj", "{BD2B71A5-7D62-48EF-AF74-AD401C125351}"
EndProject
Project("{FAE04EC0-301F-11D3-BF4B-00C04F79EFBC}") = "PWF.Data.Mapper", "PWF.Data.Mapper\PWF.Data.Mapper.csproj", "{7C3BBF0D-C6FA-4142-BC5F-F56ABC3D3302}"
EndProject
Global
	GlobalSection(SolutionConfigurationPlatforms) = preSolution
		Debug|Any CPU = Debug|Any CPU
		Release|Any CPU = Release|Any CPU
	EndGlobalSection
	GlobalSection(ProjectConfigurationPlatforms) = postSolution
		{BBB92AD0-9C23-41DF-8095-BA5FBFA66148}.Debug|Any CPU.ActiveCfg = Debug|Any CPU
		{BBB92AD0-9C23-41DF-8095-BA5FBFA66148}.Debug|Any CPU.Build.0 = Debug|Any CPU
		{BBB92AD0-9C23-41DF-8095-BA5FBFA66148}.Release|Any CPU.ActiveCfg = Release|Any CPU
		{BBB92AD0-9C23-41DF-8095-BA5FBFA66148}.Release|Any CPU.Build.0 = Release|Any CPU
		{0D23A9CB-BCAE-4790-94A8-6557B861F168}.Debug|Any CPU.ActiveCfg = Debug|Any CPU
		{0D23A9CB-BCAE-4790-94A8-6557B861F168}.Debug|Any CPU.Build.0 = Debug|Any CPU
		{0D23A9CB-BCAE-4790-94A8-6557B861F168}.Release|Any CPU.ActiveCfg = Release|Any CPU
		{0D23A9CB-BCAE-4790-94A8-6557B861F168}.Release|Any CPU.Build.0 = Release|Any CPU
		{208E63C7-6A3A-4B1F-9573-D8EC54B0A519}.Debug|Any CPU.ActiveCfg = Debug|Any CPU
		{208E63C7-6A3A-4B1F-9573-D8EC54B0A519}.Debug|Any CPU.Build.0 = Debug|Any CPU
		{208E63C7-6A3A-4B1F-9573-D8EC54B0A519}.Release|Any CPU.ActiveCfg = Release|Any CPU
		{208E63C7-6A3A-4B1F-9573-D8EC54B0A519}.Release|Any CPU.Build.0 = Release|Any CPU
		{BD2B71A5-7D62-48EF-AF74-AD401C125351}.Debug|Any CPU.ActiveCfg = Debug|Any CPU
		{BD2B71A5-7D62-48EF-AF74-AD401C125351}.Debug|Any CPU.Build.0 = Debug|Any CPU
		{BD2B71A5-7D62-48EF-AF74-AD401C125351}.Release|Any CPU.ActiveCfg = Release|Any CPU
		{BD2B71A5-7D62-48EF-AF74-AD401C125351}.Release|Any CPU.Build.0 = Release|Any CPU
		{7C3BBF0D-C6FA-4142-BC5F-F56ABC3D3302}.Debug|Any CPU.ActiveCfg = Debug|Any CPU
		{7C3BBF0D-C6FA-4142-BC5F-F56ABC3D3302}.Debug|Any CPU.Build.0 = Debug|Any CPU
		{7C3BBF0D-C6FA-4142-BC5F-F56ABC3D3302}.Release|Any CPU.ActiveCfg = Release|Any CPU
		{7C3BBF0D-C6FA-4142-BC5F-F56ABC3D3302}.Release|Any CPU.Build.0 = Release|Any CPU
	EndGlobalSection
	GlobalSection(SolutionProperties) = preSolution
		HideSolutionNode = FALSE
	EndGlobalSection
	GlobalSection(NestedProjects) = preSolution
		{0D23A9CB-BCAE-4790-94A8-6557B861F168} = {0EB00BF6-A507-4C6C-81C1-3F22C349B537}
		{208E63C7-6A3A-4B1F-9573-D8EC54B0A519} = {0EB00BF6-A507-4C6C-81C1-3F22C349B537}
		{BD2B71A5-7D62-48EF-AF74-AD401C125351} = {0EB00BF6-A507-4C6C-81C1-3F22C349B537}
		{7C3BBF0D-C6FA-4142-BC5F-F56ABC3D3302} = {0EB00BF6-A507-4C6C-81C1-3F22C349B537}
	EndGlobalSection
	GlobalSection(ExtensibilityGlobals) = postSolution
		SolutionGuid = {BC0F7E28-8AE7-48BB-A5FB-F8091803EE58}
	EndGlobalSection
EndGlobal
